
Microsoft Visual Studio Solution File, Format Version 12.00
# Visual Studio 15
VisualStudioVersion = 15.0.27130.2010
MinimumVisualStudioVersion = 10.0.40219.1
Project("{FAE04EC0-301F-11D3-BF4B-00C04F79EFBC}") = "ParkPlaces", "ParkPlaces\ParkPlaces.csproj", "{F2D858F7-B4A6-4F8C-8DB5-CB1A5D982762}"
EndProject
Project("{FAE04EC0-301F-11D3-BF4B-00C04F79EFBC}") = "ParkPlacesTests", "ParkPlacesTests\ParkPlacesTests.csproj", "{3470BFB7-0EE3-4E2D-8165-AA65821166CD}"
EndProject
Project("{9A19103F-16F7-4668-BE54-9A1E7A4F7556}") = "ParkPlaces.DotUtils", "ParkPlaces.DotUtils\ParkPlaces.DotUtils.csproj", "{51FEEF46-427A-4A07-81DF-AAF2904F8828}"
EndProject
Project("{9A19103F-16F7-4668-BE54-9A1E7A4F7556}") = "PPNetLib", "PPNetLib\PPNetLib.csproj", "{485A0ECC-402B-4D48-8A2E-DD3D7CCF9DFD}"
EndProject
Project("{9A19103F-16F7-4668-BE54-9A1E7A4F7556}") = "PPServer", "PPServer\PPServer.csproj", "{6028E6C4-76A8-41CB-AD37-2C0E2D05D655}"
EndProject
Project("{FAE04EC0-301F-11D3-BF4B-00C04F79EFBC}") = "PPAdmin", "PPAdmin\PPAdmin.csproj", "{139C96BB-FDD7-4EE9-A8E6-6ABF5F54BC0F}"
EndProject
Project("{9A19103F-16F7-4668-BE54-9A1E7A4F7556}") = "PPNetClient", "PPNetClient\PPNetClient.csproj", "{644CE5C0-0EE2-4AF4-987A-228E990E5096}"
EndProject
Global
	GlobalSection(SolutionConfigurationPlatforms) = preSolution
		Debug|Any CPU = Debug|Any CPU
		Publish-linux-x64|Any CPU = Publish-linux-x64|Any CPU
		Publish-win-x86|Any CPU = Publish-win-x86|Any CPU
		Release|Any CPU = Release|Any CPU
	EndGlobalSection
	GlobalSection(ProjectConfigurationPlatforms) = postSolution
		{F2D858F7-B4A6-4F8C-8DB5-CB1A5D982762}.Debug|Any CPU.ActiveCfg = Debug|Any CPU
		{F2D858F7-B4A6-4F8C-8DB5-CB1A5D982762}.Debug|Any CPU.Build.0 = Debug|Any CPU
		{F2D858F7-B4A6-4F8C-8DB5-CB1A5D982762}.Publish-linux-x64|Any CPU.ActiveCfg = Release|Any CPU
		{F2D858F7-B4A6-4F8C-8DB5-CB1A5D982762}.Publish-linux-x64|Any CPU.Build.0 = Release|Any CPU
		{F2D858F7-B4A6-4F8C-8DB5-CB1A5D982762}.Publish-win-x86|Any CPU.ActiveCfg = Release|Any CPU
		{F2D858F7-B4A6-4F8C-8DB5-CB1A5D982762}.Publish-win-x86|Any CPU.Build.0 = Release|Any CPU
		{F2D858F7-B4A6-4F8C-8DB5-CB1A5D982762}.Release|Any CPU.ActiveCfg = Release|Any CPU
		{F2D858F7-B4A6-4F8C-8DB5-CB1A5D982762}.Release|Any CPU.Build.0 = Release|Any CPU
		{3470BFB7-0EE3-4E2D-8165-AA65821166CD}.Debug|Any CPU.ActiveCfg = Debug|Any CPU
		{3470BFB7-0EE3-4E2D-8165-AA65821166CD}.Debug|Any CPU.Build.0 = Debug|Any CPU
		{3470BFB7-0EE3-4E2D-8165-AA65821166CD}.Publish-linux-x64|Any CPU.ActiveCfg = Release|Any CPU
		{3470BFB7-0EE3-4E2D-8165-AA65821166CD}.Publish-linux-x64|Any CPU.Build.0 = Release|Any CPU
		{3470BFB7-0EE3-4E2D-8165-AA65821166CD}.Publish-win-x86|Any CPU.ActiveCfg = Release|Any CPU
		{3470BFB7-0EE3-4E2D-8165-AA65821166CD}.Publish-win-x86|Any CPU.Build.0 = Release|Any CPU
		{3470BFB7-0EE3-4E2D-8165-AA65821166CD}.Release|Any CPU.ActiveCfg = Release|Any CPU
		{3470BFB7-0EE3-4E2D-8165-AA65821166CD}.Release|Any CPU.Build.0 = Release|Any CPU
		{51FEEF46-427A-4A07-81DF-AAF2904F8828}.Debug|Any CPU.ActiveCfg = Debug|Any CPU
		{51FEEF46-427A-4A07-81DF-AAF2904F8828}.Debug|Any CPU.Build.0 = Debug|Any CPU
		{51FEEF46-427A-4A07-81DF-AAF2904F8828}.Publish-linux-x64|Any CPU.ActiveCfg = Release|Any CPU
		{51FEEF46-427A-4A07-81DF-AAF2904F8828}.Publish-linux-x64|Any CPU.Build.0 = Release|Any CPU
		{51FEEF46-427A-4A07-81DF-AAF2904F8828}.Publish-win-x86|Any CPU.ActiveCfg = Release|Any CPU
		{51FEEF46-427A-4A07-81DF-AAF2904F8828}.Publish-win-x86|Any CPU.Build.0 = Release|Any CPU
		{51FEEF46-427A-4A07-81DF-AAF2904F8828}.Release|Any CPU.ActiveCfg = Release|Any CPU
		{51FEEF46-427A-4A07-81DF-AAF2904F8828}.Release|Any CPU.Build.0 = Release|Any CPU
		{485A0ECC-402B-4D48-8A2E-DD3D7CCF9DFD}.Debug|Any CPU.ActiveCfg = Debug|Any CPU
		{485A0ECC-402B-4D48-8A2E-DD3D7CCF9DFD}.Debug|Any CPU.Build.0 = Debug|Any CPU
		{485A0ECC-402B-4D48-8A2E-DD3D7CCF9DFD}.Publish-linux-x64|Any CPU.ActiveCfg = Release|Any CPU
		{485A0ECC-402B-4D48-8A2E-DD3D7CCF9DFD}.Publish-linux-x64|Any CPU.Build.0 = Release|Any CPU
		{485A0ECC-402B-4D48-8A2E-DD3D7CCF9DFD}.Publish-win-x86|Any CPU.ActiveCfg = Release|Any CPU
		{485A0ECC-402B-4D48-8A2E-DD3D7CCF9DFD}.Publish-win-x86|Any CPU.Build.0 = Release|Any CPU
		{485A0ECC-402B-4D48-8A2E-DD3D7CCF9DFD}.Release|Any CPU.ActiveCfg = Release|Any CPU
		{485A0ECC-402B-4D48-8A2E-DD3D7CCF9DFD}.Release|Any CPU.Build.0 = Release|Any CPU
		{6028E6C4-76A8-41CB-AD37-2C0E2D05D655}.Debug|Any CPU.ActiveCfg = Debug|Any CPU
		{6028E6C4-76A8-41CB-AD37-2C0E2D05D655}.Debug|Any CPU.Build.0 = Debug|Any CPU
		{6028E6C4-76A8-41CB-AD37-2C0E2D05D655}.Publish-linux-x64|Any CPU.ActiveCfg = Publish-linux-x64|Any CPU
		{6028E6C4-76A8-41CB-AD37-2C0E2D05D655}.Publish-linux-x64|Any CPU.Build.0 = Publish-linux-x64|Any CPU
		{6028E6C4-76A8-41CB-AD37-2C0E2D05D655}.Publish-win-x86|Any CPU.ActiveCfg = Publish-win-x86|Any CPU
		{6028E6C4-76A8-41CB-AD37-2C0E2D05D655}.Publish-win-x86|Any CPU.Build.0 = Publish-win-x86|Any CPU
		{6028E6C4-76A8-41CB-AD37-2C0E2D05D655}.Release|Any CPU.ActiveCfg = Release|Any CPU
		{6028E6C4-76A8-41CB-AD37-2C0E2D05D655}.Release|Any CPU.Build.0 = Release|Any CPU
		{139C96BB-FDD7-4EE9-A8E6-6ABF5F54BC0F}.Debug|Any CPU.ActiveCfg = Debug|Any CPU
		{139C96BB-FDD7-4EE9-A8E6-6ABF5F54BC0F}.Debug|Any CPU.Build.0 = Debug|Any CPU
		{139C96BB-FDD7-4EE9-A8E6-6ABF5F54BC0F}.Publish-linux-x64|Any CPU.ActiveCfg = Release|Any CPU
		{139C96BB-FDD7-4EE9-A8E6-6ABF5F54BC0F}.Publish-linux-x64|Any CPU.Build.0 = Release|Any CPU
		{139C96BB-FDD7-4EE9-A8E6-6ABF5F54BC0F}.Publish-win-x86|Any CPU.ActiveCfg = Release|Any CPU
		{139C96BB-FDD7-4EE9-A8E6-6ABF5F54BC0F}.Publish-win-x86|Any CPU.Build.0 = Release|Any CPU
		{139C96BB-FDD7-4EE9-A8E6-6ABF5F54BC0F}.Release|Any CPU.ActiveCfg = Release|Any CPU
		{139C96BB-FDD7-4EE9-A8E6-6ABF5F54BC0F}.Release|Any CPU.Build.0 = Release|Any CPU
		{644CE5C0-0EE2-4AF4-987A-228E990E5096}.Debug|Any CPU.ActiveCfg = Debug|Any CPU
		{644CE5C0-0EE2-4AF4-987A-228E990E5096}.Debug|Any CPU.Build.0 = Debug|Any CPU
		{644CE5C0-0EE2-4AF4-987A-228E990E5096}.Publish-linux-x64|Any CPU.ActiveCfg = Debug|Any CPU
		{644CE5C0-0EE2-4AF4-987A-228E990E5096}.Publish-linux-x64|Any CPU.Build.0 = Debug|Any CPU
		{644CE5C0-0EE2-4AF4-987A-228E990E5096}.Publish-win-x86|Any CPU.ActiveCfg = Debug|Any CPU
		{644CE5C0-0EE2-4AF4-987A-228E990E5096}.Publish-win-x86|Any CPU.Build.0 = Debug|Any CPU
		{644CE5C0-0EE2-4AF4-987A-228E990E5096}.Release|Any CPU.ActiveCfg = Release|Any CPU
		{644CE5C0-0EE2-4AF4-987A-228E990E5096}.Release|Any CPU.Build.0 = Release|Any CPU
	EndGlobalSection
	GlobalSection(SolutionProperties) = preSolution
		HideSolutionNode = FALSE
	EndGlobalSection
	GlobalSection(ExtensibilityGlobals) = postSolution
		SolutionGuid = {54264F5E-DAB4-40E2-834A-B87517C3367F}
	EndGlobalSection
EndGlobal
